{
  "name": "EnergyHandler",
  "lockfileVersion": 2,
  "requires": true,
  "packages": {
    "": {
      "dependencies": {
        "infinite-loop": "^0.2.2"
      }
    },
    "node_modules/infinite-loop": {
      "version": "0.2.2",
      "resolved": "https://registry.npmjs.org/infinite-loop/-/infinite-loop-0.2.2.tgz",
      "integrity": "sha512-jLqKnFxZA86cWOLnV5Y014NSXH8XIGCRqRp4qM+J3rWtlhhV2oO77LIEOEvdFrkTrDLXLNQWwLygieFyYWSFlg=="
    }
  },
  "dependencies": {
    "infinite-loop": {
      "version": "0.2.2",
      "resolved": "https://registry.npmjs.org/infinite-loop/-/infinite-loop-0.2.2.tgz",
      "integrity": "sha512-jLqKnFxZA86cWOLnV5Y014NSXH8XIGCRqRp4qM+J3rWtlhhV2oO77LIEOEvdFrkTrDLXLNQWwLygieFyYWSFlg=="
    }
  }
}
